
Microsoft Visual Studio Solution File, Format Version 12.00
# Visual Studio Version 16
VisualStudioVersion = 16.0.29709.97
MinimumVisualStudioVersion = 10.0.40219.1
Project("{8BC9CEB8-8B4A-11D0-8D11-00A0C91BC942}") = "Gra", "Gra\Gra.vcxproj", "{18F87A68-C2B2-4243-8EB2-4D7BAD8A7776}"
EndProject
Project("{8BC9CEB8-8B4A-11D0-8D11-00A0C91BC942}") = "View", "View\View.vcxproj", "{5611D054-F593-417B-92FA-0F25A1DF0897}"
	ProjectSection(ProjectDependencies) = postProject
		{18F87A68-C2B2-4243-8EB2-4D7BAD8A7776} = {18F87A68-C2B2-4243-8EB2-4D7BAD8A7776}
	EndProjectSection
EndProject
Project("{FAE04EC0-301F-11D3-BF4B-00C04F79EFBC}") = "Frontend", "Frontend\Frontend.csproj", "{3012C8E4-4749-4D2B-A1BE-8B4A17B10380}"
EndProject
Project("{8BC9CEB8-8B4A-11D0-8D11-00A0C91BC942}") = "ModelWrapper", "ModelWrapper\ModelWrapper.vcxproj", "{78CE6ABF-5441-4802-8761-F0B8E2D1CA2A}"
EndProject
Project("{FAE04EC0-301F-11D3-BF4B-00C04F79EFBC}") = "Test", "Test\Test.csproj", "{29366017-CE3F-4558-9414-9DE205857FA0}"
EndProject
Global
	GlobalSection(SolutionConfigurationPlatforms) = preSolution
		Debug|Any CPU = Debug|Any CPU
		Debug|x64 = Debug|x64
		Debug|x86 = Debug|x86
		Release|Any CPU = Release|Any CPU
		Release|x64 = Release|x64
		Release|x86 = Release|x86
	EndGlobalSection
	GlobalSection(ProjectConfigurationPlatforms) = postSolution
		{18F87A68-C2B2-4243-8EB2-4D7BAD8A7776}.Debug|Any CPU.ActiveCfg = Debug|Win32
		{18F87A68-C2B2-4243-8EB2-4D7BAD8A7776}.Debug|x64.ActiveCfg = Debug|x64
		{18F87A68-C2B2-4243-8EB2-4D7BAD8A7776}.Debug|x64.Build.0 = Debug|x64
		{18F87A68-C2B2-4243-8EB2-4D7BAD8A7776}.Debug|x86.ActiveCfg = Debug|Win32
		{18F87A68-C2B2-4243-8EB2-4D7BAD8A7776}.Debug|x86.Build.0 = Debug|Win32
		{18F87A68-C2B2-4243-8EB2-4D7BAD8A7776}.Release|Any CPU.ActiveCfg = Release|Win32
		{18F87A68-C2B2-4243-8EB2-4D7BAD8A7776}.Release|x64.ActiveCfg = Release|x64
		{18F87A68-C2B2-4243-8EB2-4D7BAD8A7776}.Release|x64.Build.0 = Release|x64
		{18F87A68-C2B2-4243-8EB2-4D7BAD8A7776}.Release|x86.ActiveCfg = Release|Win32
		{18F87A68-C2B2-4243-8EB2-4D7BAD8A7776}.Release|x86.Build.0 = Release|Win32
		{5611D054-F593-417B-92FA-0F25A1DF0897}.Debug|Any CPU.ActiveCfg = Debug|x64
		{5611D054-F593-417B-92FA-0F25A1DF0897}.Debug|x64.ActiveCfg = Debug|x64
		{5611D054-F593-417B-92FA-0F25A1DF0897}.Debug|x64.Build.0 = Debug|x64
		{5611D054-F593-417B-92FA-0F25A1DF0897}.Debug|x86.ActiveCfg = Debug|x64
		{5611D054-F593-417B-92FA-0F25A1DF0897}.Release|Any CPU.ActiveCfg = Release|x64
		{5611D054-F593-417B-92FA-0F25A1DF0897}.Release|x64.ActiveCfg = Release|x64
		{5611D054-F593-417B-92FA-0F25A1DF0897}.Release|x64.Build.0 = Release|x64
		{5611D054-F593-417B-92FA-0F25A1DF0897}.Release|x86.ActiveCfg = Release|x64
		{3012C8E4-4749-4D2B-A1BE-8B4A17B10380}.Debug|Any CPU.ActiveCfg = Debug|Any CPU
		{3012C8E4-4749-4D2B-A1BE-8B4A17B10380}.Debug|Any CPU.Build.0 = Debug|Any CPU
		{3012C8E4-4749-4D2B-A1BE-8B4A17B10380}.Debug|x64.ActiveCfg = Debug|Any CPU
		{3012C8E4-4749-4D2B-A1BE-8B4A17B10380}.Debug|x64.Build.0 = Debug|Any CPU
		{3012C8E4-4749-4D2B-A1BE-8B4A17B10380}.Debug|x86.ActiveCfg = Debug|Any CPU
		{3012C8E4-4749-4D2B-A1BE-8B4A17B10380}.Debug|x86.Build.0 = Debug|Any CPU
		{3012C8E4-4749-4D2B-A1BE-8B4A17B10380}.Release|Any CPU.ActiveCfg = Release|Any CPU
		{3012C8E4-4749-4D2B-A1BE-8B4A17B10380}.Release|Any CPU.Build.0 = Release|Any CPU
		{3012C8E4-4749-4D2B-A1BE-8B4A17B10380}.Release|x64.ActiveCfg = Release|Any CPU
		{3012C8E4-4749-4D2B-A1BE-8B4A17B10380}.Release|x64.Build.0 = Release|Any CPU
		{3012C8E4-4749-4D2B-A1BE-8B4A17B10380}.Release|x86.ActiveCfg = Release|Any CPU
		{3012C8E4-4749-4D2B-A1BE-8B4A17B10380}.Release|x86.Build.0 = Release|Any CPU
		{78CE6ABF-5441-4802-8761-F0B8E2D1CA2A}.Debug|Any CPU.ActiveCfg = Debug|Win32
		{78CE6ABF-5441-4802-8761-F0B8E2D1CA2A}.Debug|x64.ActiveCfg = Debug|x64
		{78CE6ABF-5441-4802-8761-F0B8E2D1CA2A}.Debug|x64.Build.0 = Debug|x64
		{78CE6ABF-5441-4802-8761-F0B8E2D1CA2A}.Debug|x86.ActiveCfg = Debug|Win32
		{78CE6ABF-5441-4802-8761-F0B8E2D1CA2A}.Debug|x86.Build.0 = Debug|Win32
		{78CE6ABF-5441-4802-8761-F0B8E2D1CA2A}.Release|Any CPU.ActiveCfg = Release|Win32
		{78CE6ABF-5441-4802-8761-F0B8E2D1CA2A}.Release|x64.ActiveCfg = Release|x64
		{78CE6ABF-5441-4802-8761-F0B8E2D1CA2A}.Release|x64.Build.0 = Release|x64
		{78CE6ABF-5441-4802-8761-F0B8E2D1CA2A}.Release|x86.ActiveCfg = Release|Win32
		{78CE6ABF-5441-4802-8761-F0B8E2D1CA2A}.Release|x86.Build.0 = Release|Win32
		{29366017-CE3F-4558-9414-9DE205857FA0}.Debug|Any CPU.ActiveCfg = Debug|Any CPU
		{29366017-CE3F-4558-9414-9DE205857FA0}.Debug|Any CPU.Build.0 = Debug|Any CPU
		{29366017-CE3F-4558-9414-9DE205857FA0}.Debug|x64.ActiveCfg = Debug|Any CPU
		{29366017-CE3F-4558-9414-9DE205857FA0}.Debug|x64.Build.0 = Debug|Any CPU
		{29366017-CE3F-4558-9414-9DE205857FA0}.Debug|x86.ActiveCfg = Debug|Any CPU
		{29366017-CE3F-4558-9414-9DE205857FA0}.Debug|x86.Build.0 = Debug|Any CPU
		{29366017-CE3F-4558-9414-9DE205857FA0}.Release|Any CPU.ActiveCfg = Release|Any CPU
		{29366017-CE3F-4558-9414-9DE205857FA0}.Release|Any CPU.Build.0 = Release|Any CPU
		{29366017-CE3F-4558-9414-9DE205857FA0}.Release|x64.ActiveCfg = Release|Any CPU
		{29366017-CE3F-4558-9414-9DE205857FA0}.Release|x64.Build.0 = Release|Any CPU
		{29366017-CE3F-4558-9414-9DE205857FA0}.Release|x86.ActiveCfg = Release|Any CPU
		{29366017-CE3F-4558-9414-9DE205857FA0}.Release|x86.Build.0 = Release|Any CPU
	EndGlobalSection
	GlobalSection(SolutionProperties) = preSolution
		HideSolutionNode = FALSE
	EndGlobalSection
	GlobalSection(ExtensibilityGlobals) = postSolution
		SolutionGuid = {F513F101-7A5C-424C-9C5A-36C16F0F9756}
	EndGlobalSection
EndGlobal
