<?xml version="1.0" encoding="utf-8"?>
<Project ToolsVersion="4.0" xmlns="http://schemas.microsoft.com/developer/msbuild/2003">
  <ItemGroup>
    <Filter Include="Source Files">
      <UniqueIdentifier>{4FC737F1-C7A5-4376-A066-2A32D752A2FF}</UniqueIdentifier>
      <Extensions>cpp;c;cc;cxx;c++;cppm;ixx;def;odl;idl;hpj;bat;asm;asmx</Extensions>
    </Filter>
    <Filter Include="Header Files">
      <UniqueIdentifier>{93995380-89BD-4b04-88EB-625FBE52EBFB}</UniqueIdentifier>
      <Extensions>h;hh;hpp;hxx;h++;hm;inl;inc;ipp;xsd</Extensions>
    </Filter>
    <Filter Include="Models">
      <UniqueIdentifier>{c16dd99b-1bf5-447e-bb20-5b3797e8edef}</UniqueIdentifier>
    </Filter>
    <Filter Include="ShipControler">
      <UniqueIdentifier>{ec78cea0-e145-4652-980b-335cdcb00c75}</UniqueIdentifier>
    </Filter>
    <Filter Include="ICamera">
      <UniqueIdentifier>{0b5aed5d-ec1e-4e46-8ed1-7473de335643}</UniqueIdentifier>
    </Filter>
  </ItemGroup>
  <ItemGroup>
    <ClInclude Include="BounceObject.h">
      <Filter>Header Files</Filter>
    </ClInclude>
    <ClInclude Include="IObject.h">
      <Filter>Header Files</Filter>
    </ClInclude>
    <ClInclude Include="IObjectGenerator.h">
      <Filter>Header Files</Filter>
    </ClInclude>
    <ClInclude Include="Object.h">
      <Filter>Header Files</Filter>
    </ClInclude>
    <ClInclude Include="ObjectCounter.h">
      <Filter>Header Files</Filter>
    </ClInclude>
    <ClInclude Include="ObjectGenerator.h">
      <Filter>Header Files</Filter>
    </ClInclude>
    <ClInclude Include="SceneMenager.h">
      <Filter>Header Files</Filter>
    </ClInclude>
    <ClInclude Include="LiveObject.h">
      <Filter>Header Files</Filter>
    </ClInclude>
    <ClInclude Include="IShipControler.h">
      <Filter>ShipControler</Filter>
    </ClInclude>
    <ClInclude Include="ParametricModels.h">
      <Filter>Models</Filter>
    </ClInclude>
    <ClInclude Include="MotionModels.h">
      <Filter>Models</Filter>
    </ClInclude>
    <ClInclude Include="IEnemyPrototype.h">
      <Filter>Header Files</Filter>
    </ClInclude>
    <ClInclude Include="WeekEnemyPrototype.h">
      <Filter>Header Files</Filter>
    </ClInclude>
    <ClInclude Include="EnemiesMenager.h">
      <Filter>Header Files</Filter>
    </ClInclude>
    <ClInclude Include="OrbitalEnemyPrototype.h">
      <Filter>Header Files</Filter>
    </ClInclude>
    <ClInclude Include="IBulletPrototype.h">
      <Filter>Header Files</Filter>
    </ClInclude>
    <ClInclude Include="NormalBulletPrototype.h">
      <Filter>Header Files</Filter>
    </ClInclude>
    <ClInclude Include="ICamera.h">
      <Filter>ICamera</Filter>
    </ClInclude>
  </ItemGroup>
  <ItemGroup>
    <ClCompile Include="BounceObject.cpp">
      <Filter>Source Files</Filter>
    </ClCompile>
    <ClCompile Include="SceneMenager.cpp">
      <Filter>Source Files</Filter>
    </ClCompile>
    <ClCompile Include="LiveObject.cpp">
      <Filter>Source Files</Filter>
    </ClCompile>
    <ClCompile Include="WeekEnemyPrototype.cpp">
      <Filter>Source Files</Filter>
    </ClCompile>
    <ClCompile Include="MotionModels.cpp">
      <Filter>Source Files</Filter>
    </ClCompile>
    <ClCompile Include="EnemiesMenager.cpp">
      <Filter>Source Files</Filter>
    </ClCompile>
    <ClCompile Include="OrbitalEnemyPrototype.cpp">
      <Filter>Source Files</Filter>
    </ClCompile>
  </ItemGroup>
</Project>