<?xml version="1.0" encoding="utf-8"?>
<Project ToolsVersion="4.0" xmlns="http://schemas.microsoft.com/developer/msbuild/2003">
  <ItemGroup>
    <Filter Include="Source Files">
      <UniqueIdentifier>{4FC737F1-C7A5-4376-A066-2A32D752A2FF}</UniqueIdentifier>
      <Extensions>cpp;c;cc;cxx;def;odl;idl;hpj;bat;asm;asmx</Extensions>
    </Filter>
    <Filter Include="Header Files">
      <UniqueIdentifier>{93995380-89BD-4b04-88EB-625FBE52EBFB}</UniqueIdentifier>
      <Extensions>h;hh;hpp;hxx;hm;inl;inc;ipp;xsd</Extensions>
    </Filter>
    <Filter Include="Resource Files">
      <UniqueIdentifier>{67DA6AB6-F800-4c08-8B7A-83BB121AAD01}</UniqueIdentifier>
      <Extensions>rc;ico;cur;bmp;dlg;rc2;rct;bin;rgs;gif;jpg;jpeg;jpe;resx;tiff;tif;png;wav;mfcribbon-ms</Extensions>
    </Filter>
    <Filter Include="Concepts">
      <UniqueIdentifier>{d99d6d01-0e58-4a10-80f9-f4cf130f4ca0}</UniqueIdentifier>
    </Filter>
    <Filter Include="Textures">
      <UniqueIdentifier>{5ac7b892-cb21-4ed3-ab36-866a0ec15909}</UniqueIdentifier>
    </Filter>
    <Filter Include="Models">
      <UniqueIdentifier>{c622dcf2-3090-4032-b51b-5e6cabc85c1d}</UniqueIdentifier>
    </Filter>
    <Filter Include="Models\ModelCreators">
      <UniqueIdentifier>{1c6d4358-d008-4c75-bb4b-2a57cd1f42c2}</UniqueIdentifier>
    </Filter>
    <Filter Include="Utilities">
      <UniqueIdentifier>{3074dc69-bc1c-4c43-b24a-86cd124f95bc}</UniqueIdentifier>
    </Filter>
    <Filter Include="Renders">
      <UniqueIdentifier>{6c4ec68e-8142-4758-a65f-c084836df66f}</UniqueIdentifier>
    </Filter>
    <Filter Include="Renders\ShaderClasses">
      <UniqueIdentifier>{4e695f58-815e-4e3b-b394-1d69e68442d1}</UniqueIdentifier>
    </Filter>
    <Filter Include="Renders\Shaders">
      <UniqueIdentifier>{6f2a4b72-a8ed-46bb-a40a-b68a2d110033}</UniqueIdentifier>
    </Filter>
  </ItemGroup>
  <ItemGroup>
    <ClCompile Include="OpenGL.cpp">
      <Filter>Source Files</Filter>
    </ClCompile>
    <ClCompile Include="GLAD\src\glad.c">
      <Filter>Source Files</Filter>
    </ClCompile>
    <ClCompile Include="Shader.cpp">
      <Filter>Source Files</Filter>
    </ClCompile>
    <ClCompile Include="Program.cpp">
      <Filter>Source Files</Filter>
    </ClCompile>
    <ClCompile Include="MultidimensionalVector.cpp">
      <Filter>Source Files</Filter>
    </ClCompile>
    <ClCompile Include="Camera.cpp">
      <Filter>Source Files</Filter>
    </ClCompile>
    <ClCompile Include="Object.cpp">
      <Filter>Source Files</Filter>
    </ClCompile>
    <ClCompile Include="RenderObject.cpp">
      <Filter>Models</Filter>
    </ClCompile>
    <ClCompile Include="SceneMenager.cpp">
      <Filter>Source Files</Filter>
    </ClCompile>
    <ClCompile Include="Timer.cpp">
      <Filter>Source Files</Filter>
    </ClCompile>
    <ClCompile Include="RenderScene.cpp">
      <Filter>Source Files</Filter>
    </ClCompile>
  </ItemGroup>
  <ItemGroup>
    <ClInclude Include="ObjectCounter.h">
      <Filter>Header Files</Filter>
    </ClInclude>
    <ClInclude Include="MultidimensionalVector.h">
      <Filter>Header Files</Filter>
    </ClInclude>
    <ClInclude Include="MultidimensionalConvertable.h">
      <Filter>Concepts</Filter>
    </ClInclude>
    <ClInclude Include="Camera.h">
      <Filter>Header Files</Filter>
    </ClInclude>
    <ClInclude Include="Object.h">
      <Filter>Header Files</Filter>
    </ClInclude>
    <ClInclude Include="IRenderObject.h">
      <Filter>Models</Filter>
    </ClInclude>
    <ClInclude Include="RenderObject.h">
      <Filter>Models</Filter>
    </ClInclude>
    <ClInclude Include="CubeCreator.h">
      <Filter>Models\ModelCreators</Filter>
    </ClInclude>
    <ClInclude Include="CilinderCreator.h">
      <Filter>Models\ModelCreators</Filter>
    </ClInclude>
    <ClInclude Include="ShaderEnum.h">
      <Filter>Renders\ShaderClasses</Filter>
    </ClInclude>
    <ClInclude Include="Shader.h">
      <Filter>Renders\ShaderClasses</Filter>
    </ClInclude>
    <ClInclude Include="Program.h">
      <Filter>Renders\ShaderClasses</Filter>
    </ClInclude>
    <ClInclude Include="IShader.h">
      <Filter>Renders\ShaderClasses</Filter>
    </ClInclude>
    <ClInclude Include="IObject.h">
      <Filter>Header Files</Filter>
    </ClInclude>
    <ClInclude Include="SceneMenager.h">
      <Filter>Header Files</Filter>
    </ClInclude>
    <ClInclude Include="IObjectGenerator.h">
      <Filter>Header Files</Filter>
    </ClInclude>
    <ClInclude Include="ObjectGenerator.h">
      <Filter>Header Files</Filter>
    </ClInclude>
    <ClInclude Include="StreamOperators.h">
      <Filter>Utilities</Filter>
    </ClInclude>
    <ClInclude Include="Timer.h">
      <Filter>Header Files</Filter>
    </ClInclude>
    <ClInclude Include="RenderScene.h">
      <Filter>Header Files</Filter>
    </ClInclude>
  </ItemGroup>
  <ItemGroup>
    <None Include="FragmentShader.glsl">
      <Filter>Renders\Shaders</Filter>
    </None>
    <None Include="FragmentShader2.glsl">
      <Filter>Renders\Shaders</Filter>
    </None>
    <None Include="VertexShader.glsl">
      <Filter>Renders\Shaders</Filter>
    </None>
    <None Include="GeneratorsFragmentShader.glsl">
      <Filter>Renders\Shaders</Filter>
    </None>
  </ItemGroup>
  <ItemGroup>
    <Image Include="Textures\wall.jpg">
      <Filter>Textures</Filter>
    </Image>
  </ItemGroup>
</Project>